
Microsoft Visual Studio Solution File, Format Version 12.00
# Visual Studio Version 17
VisualStudioVersion = 17.5.33414.496
MinimumVisualStudioVersion = 10.0.40219.1
Project("{9A19103F-16F7-4668-BE54-9A1E7A4F7556}") = "HelpDesk.WebUI", "HelpDesk.WeUI\HelpDesk.WebUI.csproj", "{456D9499-B3D2-4187-90D3-70CB9F0F7511}"
EndProject
Global
	GlobalSection(SolutionConfigurationPlatforms) = preSolution
		Debug|Any CPU = Debug|Any CPU
		Release|Any CPU = Release|Any CPU
	EndGlobalSection
	GlobalSection(ProjectConfigurationPlatforms) = postSolution
		{456D9499-B3D2-4187-90D3-70CB9F0F7511}.Debug|Any CPU.ActiveCfg = Debug|Any CPU
		{456D9499-B3D2-4187-90D3-70CB9F0F7511}.Debug|Any CPU.Build.0 = Debug|Any CPU
		{456D9499-B3D2-4187-90D3-70CB9F0F7511}.Release|Any CPU.ActiveCfg = Release|Any CPU
		{456D9499-B3D2-4187-90D3-70CB9F0F7511}.Release|Any CPU.Build.0 = Release|Any CPU
	EndGlobalSection
	GlobalSection(SolutionProperties) = preSolution
		HideSolutionNode = FALSE
	EndGlobalSection
	GlobalSection(ExtensibilityGlobals) = postSolution
		SolutionGuid = {B5A2C19F-6EDF-4779-909C-6D476EE6D4B9}
	EndGlobalSection
EndGlobal
